
Microsoft Visual Studio Solution File, Format Version 12.00
# Visual Studio 2015
Project("{FAE04EC0-301F-11D3-BF4B-00C04F79EFBC}") = "test_proj.CSharp", "test_proj.CSharp.csproj", "{2712D094-618D-E07A-7102-F4971F2D785A}"
EndProject
Global
	GlobalSection(SolutionConfigurationPlatforms) = preSolution
		Debug|Any CPU = Debug|Any CPU
		Release|Any CPU = Release|Any CPU
	EndGlobalSection
	GlobalSection(ProjectConfigurationPlatforms) = postSolution
		{2712D094-618D-E07A-7102-F4971F2D785A}.Debug|Any CPU.ActiveCfg = Debug|Any CPU
		{2712D094-618D-E07A-7102-F4971F2D785A}.Debug|Any CPU.Build.0 = Debug|Any CPU
		{2712D094-618D-E07A-7102-F4971F2D785A}.Release|Any CPU.ActiveCfg = Release|Any CPU
		{2712D094-618D-E07A-7102-F4971F2D785A}.Release|Any CPU.Build.0 = Release|Any CPU
	EndGlobalSection
	GlobalSection(SolutionProperties) = preSolution
		HideSolutionNode = FALSE
	EndGlobalSection
EndGlobal
